<?xml version="1.0" encoding="utf-8"?>
<Project ToolsVersion="4.0" xmlns="http://schemas.microsoft.com/developer/msbuild/2003">
  <ItemGroup>
    <Filter Include="Source Files">
      <UniqueIdentifier>{4FC737F1-C7A5-4376-A066-2A32D752A2FF}</UniqueIdentifier>
      <Extensions>cpp;c;cc;cxx;def;odl;idl;hpj;bat;asm;asmx</Extensions>
    </Filter>
    <Filter Include="Header Files">
      <UniqueIdentifier>{93995380-89BD-4b04-88EB-625FBE52EBFB}</UniqueIdentifier>
      <Extensions>h;hh;hpp;hxx;hm;inl;inc;xsd</Extensions>
    </Filter>
    <Filter Include="Resource Files">
      <UniqueIdentifier>{67DA6AB6-F800-4c08-8B7A-83BB121AAD01}</UniqueIdentifier>
      <Extensions>rc;ico;cur;bmp;dlg;rc2;rct;bin;rgs;gif;jpg;jpeg;jpe;resx;tiff;tif;png;wav;mfcribbon-ms</Extensions>
    </Filter>
    <Filter Include="Shaders">
      <UniqueIdentifier>{6740b1de-75be-4cfb-8b3b-833176cf678f}</UniqueIdentifier>
    </Filter>
  </ItemGroup>
  <ItemGroup>
    <ClCompile Include="MinionGraphicsDemo.cpp">
      <Filter>Source Files</Filter>
    </ClCompile>
    <ClCompile Include="Graphics_impl.cpp">
      <Filter>Source Files</Filter>
    </ClCompile>
    <ClCompile Include="models\Cube.cpp">
      <Filter>Source Files</Filter>
    </ClCompile>
    <ClCompile Include="models\Plane.cpp">
      <Filter>Source Files</Filter>
    </ClCompile>
    <ClCompile Include="models\Sphere.cpp">
      <Filter>Source Files</Filter>
    </ClCompile>
    <ClCompile Include="models\Model.cpp">
      <Filter>Source Files</Filter>
    </ClCompile>
    <ClCompile Include="models\Mesh.cpp">
      <Filter>Source Files</Filter>
    </ClCompile>
    <ClCompile Include="rendering\Camera.cpp">
      <Filter>Source Files</Filter>
    </ClCompile>
    <ClCompile Include="rendering\ShaderProgram.cpp">
      <Filter>Source Files</Filter>
    </ClCompile>
    <ClCompile Include="rendering\renderers\GUIRenderer.cpp">
      <Filter>Source Files</Filter>
    </ClCompile>
    <ClCompile Include="rendering\renderers\ShadowMapRenderer.cpp">
      <Filter>Source Files</Filter>
    </ClCompile>
    <ClCompile Include="rendering\RenderTexture.cpp">
      <Filter>Source Files</Filter>
    </ClCompile>
    <ClCompile Include="rendering\Texture.cpp">
      <Filter>Source Files</Filter>
    </ClCompile>
    <ClCompile Include="rendering\renderers\DeferredRenderer.cpp">
      <Filter>Source Files</Filter>
    </ClCompile>
    <ClCompile Include="GraphicsWindow.cpp">
      <Filter>Source Files</Filter>
    </ClCompile>
    <ClCompile Include="models\MeshLoader.cpp">
      <Filter>Source Files</Filter>
    </ClCompile>
    <ClCompile Include="models\Triangle.cpp">
      <Filter>Source Files</Filter>
    </ClCompile>
  </ItemGroup>
  <ItemGroup>
    <ClInclude Include="include\MinionGraphics.h">
      <Filter>Header Files</Filter>
    </ClInclude>
    <ClInclude Include="include\MinionCamera.h">
      <Filter>Header Files</Filter>
    </ClInclude>
    <ClInclude Include="include\MinionModel.h">
      <Filter>Header Files</Filter>
    </ClInclude>
    <ClInclude Include="Graphics_impl.h">
      <Filter>Header Files</Filter>
    </ClInclude>
    <ClInclude Include="models\Cube.h">
      <Filter>Header Files</Filter>
    </ClInclude>
    <ClInclude Include="models\Mesh.h">
      <Filter>Header Files</Filter>
    </ClInclude>
    <ClInclude Include="models\Model.h">
      <Filter>Header Files</Filter>
    </ClInclude>
    <ClInclude Include="models\Plane.h">
      <Filter>Header Files</Filter>
    </ClInclude>
    <ClInclude Include="models\Sphere.h">
      <Filter>Header Files</Filter>
    </ClInclude>
    <ClInclude Include="rendering\misc\SaveViewport.h">
      <Filter>Header Files</Filter>
    </ClInclude>
    <ClInclude Include="rendering\Camera.h">
      <Filter>Header Files</Filter>
    </ClInclude>
    <ClInclude Include="rendering\ShaderProgram.h">
      <Filter>Header Files</Filter>
    </ClInclude>
    <ClInclude Include="rendering\renderers\GUIRenderer.h">
      <Filter>Header Files</Filter>
    </ClInclude>
    <ClInclude Include="rendering\renderers\ShadowMapRenderer.h">
      <Filter>Header Files</Filter>
    </ClInclude>
    <ClInclude Include="rendering\RenderTexture.h">
      <Filter>Header Files</Filter>
    </ClInclude>
    <ClInclude Include="rendering\misc\SaveFrameBuffer.h">
      <Filter>Header Files</Filter>
    </ClInclude>
    <ClInclude Include="rendering\Texture.h">
      <Filter>Header Files</Filter>
    </ClInclude>
    <ClInclude Include="rendering\renderers\Renderer.h">
      <Filter>Header Files</Filter>
    </ClInclude>
    <ClInclude Include="rendering\renderers\DeferredRenderer.h">
      <Filter>Header Files</Filter>
    </ClInclude>
    <ClInclude Include="include\MinionWindow.h">
      <Filter>Header Files</Filter>
    </ClInclude>
    <ClInclude Include="GraphicsWindow.h">
      <Filter>Header Files</Filter>
    </ClInclude>
    <ClInclude Include="include\MinionTypes.h">
      <Filter>Header Files</Filter>
    </ClInclude>
    <ClInclude Include="include\MinionLight.h">
      <Filter>Header Files</Filter>
    </ClInclude>
    <ClInclude Include="rendering\renderers\BasicRenderer.h">
      <Filter>Header Files</Filter>
    </ClInclude>
    <ClInclude Include="models\MeshLoader.h">
      <Filter>Header Files</Filter>
    </ClInclude>
    <ClInclude Include="models\Triangle.h">
      <Filter>Header Files</Filter>
    </ClInclude>
  </ItemGroup>
  <ItemGroup>
    <Text Include="TODO.txt" />
  </ItemGroup>
  <ItemGroup>
    <None Include="shaders\basic_fs.glsl" />
    <None Include="shaders\basic_vs.glsl" />
    <None Include="shaders\deferredRendererPointLightPass.fs" />
    <None Include="shaders\deferredRenderLightPass.vs" />
    <None Include="shaders\deferredGeometryPass.fs" />
    <None Include="shaders\deferredGeometryPass.vs" />
  </ItemGroup>
</Project>